
Microsoft Visual Studio Solution File, Format Version 12.00
# Visual Studio Version 17
VisualStudioVersion = 17.13.35913.81 d17.13
MinimumVisualStudioVersion = 10.0.40219.1
Project("{FAE04EC0-301F-11D3-BF4B-00C04F79EFBC}") = "UserIdentity.EF", "UserIdentity.EF.csproj", "{2A17614A-209F-4128-BB2D-B50608D84EA8}"
EndProject
Global
	GlobalSection(SolutionConfigurationPlatforms) = preSolution
		Debug|Any CPU = Debug|Any CPU
		Release|Any CPU = Release|Any CPU
	EndGlobalSection
	GlobalSection(ProjectConfigurationPlatforms) = postSolution
		{2A17614A-209F-4128-BB2D-B50608D84EA8}.Debug|Any CPU.ActiveCfg = Debug|Any CPU
		{2A17614A-209F-4128-BB2D-B50608D84EA8}.Debug|Any CPU.Build.0 = Debug|Any CPU
		{2A17614A-209F-4128-BB2D-B50608D84EA8}.Release|Any CPU.ActiveCfg = Release|Any CPU
		{2A17614A-209F-4128-BB2D-B50608D84EA8}.Release|Any CPU.Build.0 = Release|Any CPU
	EndGlobalSection
	GlobalSection(SolutionProperties) = preSolution
		HideSolutionNode = FALSE
	EndGlobalSection
	GlobalSection(ExtensibilityGlobals) = postSolution
		SolutionGuid = {914964CF-B115-4C71-9BC7-57C526A25348}
	EndGlobalSection
EndGlobal
